
Microsoft Visual Studio Solution File, Format Version 12.00
Project("{FAE04EC0-301F-11D3-BF4B-00C04F79EFBC}") = "Aoe2DEOverlay", "Aoe2DEOverlay\Aoe2DEOverlay.csproj", "{B710E1C3-3502-40EC-AAC5-3601F3D7A837}"
EndProject
Project("{FAE04EC0-301F-11D3-BF4B-00C04F79EFBC}") = "UpdateManager", "UpdateManager\UpdateManager.csproj", "{EE73D67B-170A-4856-97D6-F63014E18523}"
EndProject
Global
	GlobalSection(SolutionConfigurationPlatforms) = preSolution
		Debug|Any CPU = Debug|Any CPU
		Release|Any CPU = Release|Any CPU
	EndGlobalSection
	GlobalSection(ProjectConfigurationPlatforms) = postSolution
		{B710E1C3-3502-40EC-AAC5-3601F3D7A837}.Debug|Any CPU.ActiveCfg = Debug|Any CPU
		{B710E1C3-3502-40EC-AAC5-3601F3D7A837}.Debug|Any CPU.Build.0 = Debug|Any CPU
		{B710E1C3-3502-40EC-AAC5-3601F3D7A837}.Release|Any CPU.ActiveCfg = Release|Any CPU
		{B710E1C3-3502-40EC-AAC5-3601F3D7A837}.Release|Any CPU.Build.0 = Release|Any CPU
		{EE73D67B-170A-4856-97D6-F63014E18523}.Debug|Any CPU.ActiveCfg = Debug|Any CPU
		{EE73D67B-170A-4856-97D6-F63014E18523}.Debug|Any CPU.Build.0 = Debug|Any CPU
		{EE73D67B-170A-4856-97D6-F63014E18523}.Release|Any CPU.ActiveCfg = Release|Any CPU
		{EE73D67B-170A-4856-97D6-F63014E18523}.Release|Any CPU.Build.0 = Release|Any CPU
	EndGlobalSection
EndGlobal
